{
    "version": 3,
    "terraform_version": "0.11.13",
    "serial": 22,
    "lineage": "8947d101-0e44-57a7-2a41-f7c9d5eb40d2",
    "modules": [
        {
            "path": [
                "root"
            ],
            "outputs": {
                "ecs-instance-role-name": {
                    "sensitive": false,
                    "type": "string",
                    "value": "ecs-instance-role"
                },
                "ecs-load-balancer-name": {
                    "sensitive": false,
                    "type": "string",
                    "value": "ecs-load-balancer"
                },
                "ecs-service-role-arn": {
                    "sensitive": false,
                    "type": "string",
                    "value": "arn:aws:iam::891241530761:role/ecs-service-role"
                },
                "ecs-target-group-arn": {
                    "sensitive": false,
                    "type": "string",
                    "value": "arn:aws:elasticloadbalancing:us-west-1:891241530761:targetgroup/ecs-target-group/92b925d18e2922d7"
                },
                "region": {
                    "sensitive": false,
                    "type": "string",
                    "value": "us-west-1"
                },
                "test_public_sg_id": {
                    "sensitive": false,
                    "type": "string",
                    "value": "sg-05f5b06a201a0f0eb"
                },
                "test_public_sn_01_id": {
                    "sensitive": false,
                    "type": "string",
                    "value": "subnet-0f8dc914dedb595b0"
                },
                "test_public_sn_02_id": {
                    "sensitive": false,
                    "type": "string",
                    "value": "subnet-07f5873d9e4f5d321"
                },
                "test_vpc_id": {
                    "sensitive": false,
                    "type": "string",
                    "value": "vpc-02e1c126a24e823da"
                }
            },
            "resources": {
                "aws_alb.ecs-load-balancer": {
                    "type": "aws_alb",
                    "depends_on": [
                        "aws_security_group.test_public_sg",
                        "aws_subnet.test_public_sn_01",
                        "aws_subnet.test_public_sn_02"
                    ],
                    "primary": {
                        "id": "arn:aws:elasticloadbalancing:us-west-1:891241530761:loadbalancer/app/ecs-load-balancer/c9290d566395c7d0",
                        "attributes": {
                            "access_logs.#": "0",
                            "arn": "arn:aws:elasticloadbalancing:us-west-1:891241530761:loadbalancer/app/ecs-load-balancer/c9290d566395c7d0",
                            "arn_suffix": "app/ecs-load-balancer/c9290d566395c7d0",
                            "dns_name": "ecs-load-balancer-1040394076.us-west-1.elb.amazonaws.com",
                            "enable_deletion_protection": "false",
                            "enable_http2": "true",
                            "id": "arn:aws:elasticloadbalancing:us-west-1:891241530761:loadbalancer/app/ecs-load-balancer/c9290d566395c7d0",
                            "idle_timeout": "60",
                            "internal": "false",
                            "ip_address_type": "ipv4",
                            "load_balancer_type": "application",
                            "name": "ecs-load-balancer",
                            "security_groups.#": "1",
                            "security_groups.4044912390": "sg-05f5b06a201a0f0eb",
                            "subnet_mapping.#": "0",
                            "subnets.#": "2",
                            "subnets.1162293165": "subnet-0f8dc914dedb595b0",
                            "subnets.3617394494": "subnet-07f5873d9e4f5d321",
                            "tags.%": "1",
                            "tags.Name": "ecs-load-balancer",
                            "vpc_id": "vpc-02e1c126a24e823da",
                            "zone_id": "Z368ELLRRE2KJ0"
                        },
                        "meta": {
                            "e2bfb730-ecaa-11e6-8f88-34363bc7c4c0": {
                                "create": 600000000000,
                                "delete": 600000000000,
                                "update": 600000000000
                            }
                        },
                        "tainted": false
                    },
                    "deposed": [],
                    "provider": "provider.aws"
                },
                "aws_alb_listener.alb-listener": {
                    "type": "aws_alb_listener",
                    "depends_on": [
                        "aws_alb.ecs-load-balancer",
                        "aws_alb_target_group.ecs-target-group"
                    ],
                    "primary": {
                        "id": "arn:aws:elasticloadbalancing:us-west-1:891241530761:listener/app/ecs-load-balancer/c9290d566395c7d0/fbbd444f75d2628f",
                        "attributes": {
                            "arn": "arn:aws:elasticloadbalancing:us-west-1:891241530761:listener/app/ecs-load-balancer/c9290d566395c7d0/fbbd444f75d2628f",
                            "default_action.#": "1",
                            "default_action.0.authenticate_cognito.#": "0",
                            "default_action.0.authenticate_oidc.#": "0",
                            "default_action.0.fixed_response.#": "0",
                            "default_action.0.order": "1",
                            "default_action.0.redirect.#": "0",
                            "default_action.0.target_group_arn": "arn:aws:elasticloadbalancing:us-west-1:891241530761:targetgroup/ecs-target-group/92b925d18e2922d7",
                            "default_action.0.type": "forward",
                            "id": "arn:aws:elasticloadbalancing:us-west-1:891241530761:listener/app/ecs-load-balancer/c9290d566395c7d0/fbbd444f75d2628f",
                            "load_balancer_arn": "arn:aws:elasticloadbalancing:us-west-1:891241530761:loadbalancer/app/ecs-load-balancer/c9290d566395c7d0",
                            "port": "80",
                            "protocol": "HTTP",
                            "ssl_policy": ""
                        },
                        "meta": {
                            "e2bfb730-ecaa-11e6-8f88-34363bc7c4c0": {
                                "read": 600000000000
                            }
                        },
                        "tainted": false
                    },
                    "deposed": [],
                    "provider": "provider.aws"
                },
                "aws_alb_listener.alb_https_listener": {
                    "type": "aws_alb_listener",
                    "depends_on": [
                        "aws_alb.ecs-load-balancer",
                        "aws_alb_target_group.ecs-target-group"
                    ],
                    "primary": {
                        "id": "arn:aws:elasticloadbalancing:us-west-1:891241530761:listener/app/ecs-load-balancer/c9290d566395c7d0/cf7b2ecc92d401a1",
                        "attributes": {
                            "arn": "arn:aws:elasticloadbalancing:us-west-1:891241530761:listener/app/ecs-load-balancer/c9290d566395c7d0/cf7b2ecc92d401a1",
                            "certificate_arn": "arn:aws:iam::891241530761:server-certificate/MyCertificate",
                            "default_action.#": "1",
                            "default_action.0.authenticate_cognito.#": "0",
                            "default_action.0.authenticate_oidc.#": "0",
                            "default_action.0.fixed_response.#": "0",
                            "default_action.0.order": "1",
                            "default_action.0.redirect.#": "0",
                            "default_action.0.target_group_arn": "arn:aws:elasticloadbalancing:us-west-1:891241530761:targetgroup/ecs-target-group/92b925d18e2922d7",
                            "default_action.0.type": "forward",
                            "id": "arn:aws:elasticloadbalancing:us-west-1:891241530761:listener/app/ecs-load-balancer/c9290d566395c7d0/cf7b2ecc92d401a1",
                            "load_balancer_arn": "arn:aws:elasticloadbalancing:us-west-1:891241530761:loadbalancer/app/ecs-load-balancer/c9290d566395c7d0",
                            "port": "443",
                            "protocol": "HTTPS",
                            "ssl_policy": "ELBSecurityPolicy-2016-08"
                        },
                        "meta": {
                            "e2bfb730-ecaa-11e6-8f88-34363bc7c4c0": {
                                "read": 600000000000
                            }
                        },
                        "tainted": false
                    },
                    "deposed": [],
                    "provider": "provider.aws"
                },
                "aws_alb_target_group.ecs-target-group": {
                    "type": "aws_alb_target_group",
                    "depends_on": [
                        "aws_vpc.test_vpc"
                    ],
                    "primary": {
                        "id": "arn:aws:elasticloadbalancing:us-west-1:891241530761:targetgroup/ecs-target-group/92b925d18e2922d7",
                        "attributes": {
                            "arn": "arn:aws:elasticloadbalancing:us-west-1:891241530761:targetgroup/ecs-target-group/92b925d18e2922d7",
                            "arn_suffix": "targetgroup/ecs-target-group/92b925d18e2922d7",
                            "deregistration_delay": "300",
                            "health_check.#": "1",
                            "health_check.0.healthy_threshold": "5",
                            "health_check.0.interval": "30",
                            "health_check.0.matcher": "200",
                            "health_check.0.path": "/",
                            "health_check.0.port": "traffic-port",
                            "health_check.0.protocol": "HTTP",
                            "health_check.0.timeout": "5",
                            "health_check.0.unhealthy_threshold": "2",
                            "id": "arn:aws:elasticloadbalancing:us-west-1:891241530761:targetgroup/ecs-target-group/92b925d18e2922d7",
                            "lambda_multi_value_headers_enabled": "false",
                            "name": "ecs-target-group",
                            "port": "80",
                            "protocol": "HTTP",
                            "proxy_protocol_v2": "false",
                            "slow_start": "0",
                            "stickiness.#": "1",
                            "stickiness.0.cookie_duration": "86400",
                            "stickiness.0.enabled": "false",
                            "stickiness.0.type": "lb_cookie",
                            "tags.%": "1",
                            "tags.Name": "ecs-target-group",
                            "target_type": "instance",
                            "vpc_id": "vpc-02e1c126a24e823da"
                        },
                        "meta": {},
                        "tainted": false
                    },
                    "deposed": [],
                    "provider": "provider.aws"
                },
                "aws_ecs_cluster.test-ecs-cluster": {
                    "type": "aws_ecs_cluster",
                    "depends_on": [],
                    "primary": {
                        "id": "arn:aws:ecs:us-west-1:891241530761:cluster/EKS_demo",
                        "attributes": {
                            "arn": "arn:aws:ecs:us-west-1:891241530761:cluster/EKS_demo",
                            "id": "arn:aws:ecs:us-west-1:891241530761:cluster/EKS_demo",
                            "name": "EKS_demo",
                            "tags.%": "0"
                        },
                        "meta": {},
                        "tainted": false
                    },
                    "deposed": [],
                    "provider": "provider.aws"
                },
                "aws_ecs_task_definition.wordpress": {
                    "type": "aws_ecs_task_definition",
                    "depends_on": [],
                    "primary": {
                        "id": "hello_world",
                        "attributes": {
                            "arn": "arn:aws:ecs:us-west-1:891241530761:task-definition/hello_world:1",
                            "container_definitions": "[{\"cpu\":10,\"environment\":[],\"essential\":true,\"image\":\"wordpress\",\"links\":[\"mysql\"],\"memory\":500,\"mountPoints\":[],\"name\":\"wordpress\",\"portMappings\":[{\"containerPort\":80,\"hostPort\":80,\"protocol\":\"tcp\"}],\"volumesFrom\":[]},{\"cpu\":10,\"environment\":[{\"name\":\"MYSQL_ROOT_PASSWORD\",\"value\":\"password\"}],\"essential\":true,\"image\":\"mysql\",\"memory\":500,\"mountPoints\":[],\"name\":\"mysql\",\"portMappings\":[],\"volumesFrom\":[]}]",
                            "cpu": "",
                            "execution_role_arn": "",
                            "family": "hello_world",
                            "id": "hello_world",
                            "memory": "",
                            "network_mode": "",
                            "placement_constraints.#": "0",
                            "requires_compatibilities.#": "0",
                            "revision": "1",
                            "tags.%": "0",
                            "task_role_arn": "",
                            "volume.#": "0"
                        },
                        "meta": {
                            "schema_version": "1"
                        },
                        "tainted": false
                    },
                    "deposed": [],
                    "provider": "provider.aws"
                },
                "aws_iam_role.ecs-instance-role": {
                    "type": "aws_iam_role",
                    "depends_on": [
                        "data.aws_iam_policy_document.ecs-instance-policy"
                    ],
                    "primary": {
                        "id": "ecs-instance-role",
                        "attributes": {
                            "arn": "arn:aws:iam::891241530761:role/ecs-instance-role",
                            "assume_role_policy": "{\"Version\":\"2012-10-17\",\"Statement\":[{\"Sid\":\"\",\"Effect\":\"Allow\",\"Principal\":{\"Service\":\"ec2.amazonaws.com\"},\"Action\":\"sts:AssumeRole\"}]}",
                            "create_date": "2019-03-22T02:37:07Z",
                            "description": "",
                            "force_detach_policies": "false",
                            "id": "ecs-instance-role",
                            "max_session_duration": "3600",
                            "name": "ecs-instance-role",
                            "path": "/",
                            "tags.%": "0",
                            "unique_id": "AROAJ46XJCRP3SNYAEF2G"
                        },
                        "meta": {},
                        "tainted": false
                    },
                    "deposed": [],
                    "provider": "provider.aws"
                },
                "aws_iam_role.ecs-service-role": {
                    "type": "aws_iam_role",
                    "depends_on": [
                        "data.aws_iam_policy_document.ecs-service-policy"
                    ],
                    "primary": {
                        "id": "ecs-service-role",
                        "attributes": {
                            "arn": "arn:aws:iam::891241530761:role/ecs-service-role",
                            "assume_role_policy": "{\"Version\":\"2012-10-17\",\"Statement\":[{\"Sid\":\"\",\"Effect\":\"Allow\",\"Principal\":{\"Service\":\"ecs.amazonaws.com\"},\"Action\":\"sts:AssumeRole\"}]}",
                            "create_date": "2019-03-22T02:37:07Z",
                            "description": "",
                            "force_detach_policies": "false",
                            "id": "ecs-service-role",
                            "max_session_duration": "3600",
                            "name": "ecs-service-role",
                            "path": "/",
                            "tags.%": "0",
                            "unique_id": "AROAI7IMNOJCFCF3LT3KE"
                        },
                        "meta": {},
                        "tainted": false
                    },
                    "deposed": [],
                    "provider": "provider.aws"
                },
                "aws_iam_role_policy_attachment.ecs-instance-role-attachment": {
                    "type": "aws_iam_role_policy_attachment",
                    "depends_on": [
                        "aws_iam_role.ecs-instance-role"
                    ],
                    "primary": {
                        "id": "ecs-instance-role-20190322023707807900000001",
                        "attributes": {
                            "id": "ecs-instance-role-20190322023707807900000001",
                            "policy_arn": "arn:aws:iam::aws:policy/service-role/AmazonEC2ContainerServiceforEC2Role",
                            "role": "ecs-instance-role"
                        },
                        "meta": {},
                        "tainted": false
                    },
                    "deposed": [],
                    "provider": "provider.aws"
                },
                "aws_iam_role_policy_attachment.ecs-service-role-attachment": {
                    "type": "aws_iam_role_policy_attachment",
                    "depends_on": [
                        "aws_iam_role.ecs-service-role"
                    ],
                    "primary": {
                        "id": "ecs-service-role-20190322023707818200000002",
                        "attributes": {
                            "id": "ecs-service-role-20190322023707818200000002",
                            "policy_arn": "arn:aws:iam::aws:policy/service-role/AmazonEC2ContainerServiceRole",
                            "role": "ecs-service-role"
                        },
                        "meta": {},
                        "tainted": false
                    },
                    "deposed": [],
                    "provider": "provider.aws"
                },
                "aws_internet_gateway.test_ig": {
                    "type": "aws_internet_gateway",
                    "depends_on": [
                        "aws_vpc.test_vpc"
                    ],
                    "primary": {
                        "id": "igw-00b071278385d7f34",
                        "attributes": {
                            "id": "igw-00b071278385d7f34",
                            "owner_id": "891241530761",
                            "tags.%": "1",
                            "tags.Name": "test_ig",
                            "vpc_id": "vpc-02e1c126a24e823da"
                        },
                        "meta": {},
                        "tainted": false
                    },
                    "deposed": [],
                    "provider": "provider.aws"
                },
                "aws_route_table.test_public_sn_rt_01": {
                    "type": "aws_route_table",
                    "depends_on": [
                        "aws_internet_gateway.test_ig",
                        "aws_vpc.test_vpc"
                    ],
                    "primary": {
                        "id": "rtb-0cd21499a21d10c1b",
                        "attributes": {
                            "id": "rtb-0cd21499a21d10c1b",
                            "owner_id": "891241530761",
                            "propagating_vgws.#": "0",
                            "route.#": "1",
                            "route.892680079.cidr_block": "0.0.0.0/0",
                            "route.892680079.egress_only_gateway_id": "",
                            "route.892680079.gateway_id": "igw-00b071278385d7f34",
                            "route.892680079.instance_id": "",
                            "route.892680079.ipv6_cidr_block": "",
                            "route.892680079.nat_gateway_id": "",
                            "route.892680079.network_interface_id": "",
                            "route.892680079.transit_gateway_id": "",
                            "route.892680079.vpc_peering_connection_id": "",
                            "tags.%": "1",
                            "tags.Name": "test_public_sn_rt_01",
                            "vpc_id": "vpc-02e1c126a24e823da"
                        },
                        "meta": {},
                        "tainted": false
                    },
                    "deposed": [],
                    "provider": "provider.aws"
                },
                "aws_route_table.test_public_sn_rt_02": {
                    "type": "aws_route_table",
                    "depends_on": [
                        "aws_internet_gateway.test_ig",
                        "aws_vpc.test_vpc"
                    ],
                    "primary": {
                        "id": "rtb-05ad289869afd095c",
                        "attributes": {
                            "id": "rtb-05ad289869afd095c",
                            "owner_id": "891241530761",
                            "propagating_vgws.#": "0",
                            "route.#": "1",
                            "route.892680079.cidr_block": "0.0.0.0/0",
                            "route.892680079.egress_only_gateway_id": "",
                            "route.892680079.gateway_id": "igw-00b071278385d7f34",
                            "route.892680079.instance_id": "",
                            "route.892680079.ipv6_cidr_block": "",
                            "route.892680079.nat_gateway_id": "",
                            "route.892680079.network_interface_id": "",
                            "route.892680079.transit_gateway_id": "",
                            "route.892680079.vpc_peering_connection_id": "",
                            "tags.%": "1",
                            "tags.Name": "test_public_sn_rt_02",
                            "vpc_id": "vpc-02e1c126a24e823da"
                        },
                        "meta": {},
                        "tainted": false
                    },
                    "deposed": [],
                    "provider": "provider.aws"
                },
                "aws_route_table_association.test_public_sn_rt_01_assn": {
                    "type": "aws_route_table_association",
                    "depends_on": [
                        "aws_route_table.test_public_sn_rt_01",
                        "aws_subnet.test_public_sn_01"
                    ],
                    "primary": {
                        "id": "rtbassoc-043217df60b0b8cf7",
                        "attributes": {
                            "id": "rtbassoc-043217df60b0b8cf7",
                            "route_table_id": "rtb-0cd21499a21d10c1b",
                            "subnet_id": "subnet-0f8dc914dedb595b0"
                        },
                        "meta": {},
                        "tainted": false
                    },
                    "deposed": [],
                    "provider": "provider.aws"
                },
                "aws_route_table_association.test_public_sn_rt_assn_02": {
                    "type": "aws_route_table_association",
                    "depends_on": [
                        "aws_route_table.test_public_sn_rt_02",
                        "aws_subnet.test_public_sn_02"
                    ],
                    "primary": {
                        "id": "rtbassoc-0a7dbc1cda4bbe525",
                        "attributes": {
                            "id": "rtbassoc-0a7dbc1cda4bbe525",
                            "route_table_id": "rtb-05ad289869afd095c",
                            "subnet_id": "subnet-07f5873d9e4f5d321"
                        },
                        "meta": {},
                        "tainted": false
                    },
                    "deposed": [],
                    "provider": "provider.aws"
                },
                "aws_security_group.test_public_sg": {
                    "type": "aws_security_group",
                    "depends_on": [
                        "aws_vpc.test_vpc"
                    ],
                    "primary": {
                        "id": "sg-05f5b06a201a0f0eb",
                        "attributes": {
                            "arn": "arn:aws:ec2:us-west-1:891241530761:security-group/sg-05f5b06a201a0f0eb",
                            "description": "Test public access security group",
                            "egress.#": "1",
                            "egress.482069346.cidr_blocks.#": "1",
                            "egress.482069346.cidr_blocks.0": "0.0.0.0/0",
                            "egress.482069346.description": "",
                            "egress.482069346.from_port": "0",
                            "egress.482069346.ipv6_cidr_blocks.#": "0",
                            "egress.482069346.prefix_list_ids.#": "0",
                            "egress.482069346.protocol": "-1",
                            "egress.482069346.security_groups.#": "0",
                            "egress.482069346.self": "false",
                            "egress.482069346.to_port": "0",
                            "id": "sg-05f5b06a201a0f0eb",
                            "ingress.#": "5",
                            "ingress.1195088057.cidr_blocks.#": "2",
                            "ingress.1195088057.cidr_blocks.0": "10.0.1.0/24",
                            "ingress.1195088057.cidr_blocks.1": "10.0.2.0/24",
                            "ingress.1195088057.description": "",
                            "ingress.1195088057.from_port": "0",
                            "ingress.1195088057.ipv6_cidr_blocks.#": "0",
                            "ingress.1195088057.prefix_list_ids.#": "0",
                            "ingress.1195088057.protocol": "tcp",
                            "ingress.1195088057.security_groups.#": "0",
                            "ingress.1195088057.self": "false",
                            "ingress.1195088057.to_port": "0",
                            "ingress.2214680975.cidr_blocks.#": "1",
                            "ingress.2214680975.cidr_blocks.0": "0.0.0.0/0",
                            "ingress.2214680975.description": "",
                            "ingress.2214680975.from_port": "80",
                            "ingress.2214680975.ipv6_cidr_blocks.#": "0",
                            "ingress.2214680975.prefix_list_ids.#": "0",
                            "ingress.2214680975.protocol": "tcp",
                            "ingress.2214680975.security_groups.#": "0",
                            "ingress.2214680975.self": "false",
                            "ingress.2214680975.to_port": "80",
                            "ingress.2541437006.cidr_blocks.#": "1",
                            "ingress.2541437006.cidr_blocks.0": "0.0.0.0/0",
                            "ingress.2541437006.description": "",
                            "ingress.2541437006.from_port": "22",
                            "ingress.2541437006.ipv6_cidr_blocks.#": "0",
                            "ingress.2541437006.prefix_list_ids.#": "0",
                            "ingress.2541437006.protocol": "tcp",
                            "ingress.2541437006.security_groups.#": "0",
                            "ingress.2541437006.self": "false",
                            "ingress.2541437006.to_port": "22",
                            "ingress.2617001939.cidr_blocks.#": "1",
                            "ingress.2617001939.cidr_blocks.0": "0.0.0.0/0",
                            "ingress.2617001939.description": "",
                            "ingress.2617001939.from_port": "443",
                            "ingress.2617001939.ipv6_cidr_blocks.#": "0",
                            "ingress.2617001939.prefix_list_ids.#": "0",
                            "ingress.2617001939.protocol": "tcp",
                            "ingress.2617001939.security_groups.#": "0",
                            "ingress.2617001939.self": "false",
                            "ingress.2617001939.to_port": "443",
                            "ingress.516175195.cidr_blocks.#": "1",
                            "ingress.516175195.cidr_blocks.0": "0.0.0.0/0",
                            "ingress.516175195.description": "",
                            "ingress.516175195.from_port": "8080",
                            "ingress.516175195.ipv6_cidr_blocks.#": "0",
                            "ingress.516175195.prefix_list_ids.#": "0",
                            "ingress.516175195.protocol": "tcp",
                            "ingress.516175195.security_groups.#": "0",
                            "ingress.516175195.self": "false",
                            "ingress.516175195.to_port": "8080",
                            "name": "test_public_sg",
                            "owner_id": "891241530761",
                            "revoke_rules_on_delete": "false",
                            "tags.%": "1",
                            "tags.Name": "test_public_sg",
                            "vpc_id": "vpc-02e1c126a24e823da"
                        },
                        "meta": {
                            "e2bfb730-ecaa-11e6-8f88-34363bc7c4c0": {
                                "create": 600000000000,
                                "delete": 600000000000
                            },
                            "schema_version": "1"
                        },
                        "tainted": false
                    },
                    "deposed": [],
                    "provider": "provider.aws"
                },
                "aws_subnet.test_public_sn_01": {
                    "type": "aws_subnet",
                    "depends_on": [
                        "aws_vpc.test_vpc",
                        "data.aws_availability_zones.available"
                    ],
                    "primary": {
                        "id": "subnet-0f8dc914dedb595b0",
                        "attributes": {
                            "arn": "arn:aws:ec2:us-west-1:891241530761:subnet/subnet-0f8dc914dedb595b0",
                            "assign_ipv6_address_on_creation": "false",
                            "availability_zone": "us-west-1a",
                            "availability_zone_id": "usw1-az3",
                            "cidr_block": "10.0.1.0/24",
                            "id": "subnet-0f8dc914dedb595b0",
                            "ipv6_cidr_block": "",
                            "ipv6_cidr_block_association_id": "",
                            "map_public_ip_on_launch": "false",
                            "owner_id": "891241530761",
                            "tags.%": "1",
                            "tags.Name": "test_public_sn_01",
                            "vpc_id": "vpc-02e1c126a24e823da"
                        },
                        "meta": {
                            "e2bfb730-ecaa-11e6-8f88-34363bc7c4c0": {
                                "create": 600000000000,
                                "delete": 600000000000
                            },
                            "schema_version": "1"
                        },
                        "tainted": false
                    },
                    "deposed": [],
                    "provider": "provider.aws"
                },
                "aws_subnet.test_public_sn_02": {
                    "type": "aws_subnet",
                    "depends_on": [
                        "aws_vpc.test_vpc",
                        "data.aws_availability_zones.available"
                    ],
                    "primary": {
                        "id": "subnet-07f5873d9e4f5d321",
                        "attributes": {
                            "arn": "arn:aws:ec2:us-west-1:891241530761:subnet/subnet-07f5873d9e4f5d321",
                            "assign_ipv6_address_on_creation": "false",
                            "availability_zone": "us-west-1b",
                            "availability_zone_id": "usw1-az1",
                            "cidr_block": "10.0.2.0/24",
                            "id": "subnet-07f5873d9e4f5d321",
                            "ipv6_cidr_block": "",
                            "ipv6_cidr_block_association_id": "",
                            "map_public_ip_on_launch": "false",
                            "owner_id": "891241530761",
                            "tags.%": "1",
                            "tags.Name": "test_public_sn_02",
                            "vpc_id": "vpc-02e1c126a24e823da"
                        },
                        "meta": {
                            "e2bfb730-ecaa-11e6-8f88-34363bc7c4c0": {
                                "create": 600000000000,
                                "delete": 600000000000
                            },
                            "schema_version": "1"
                        },
                        "tainted": false
                    },
                    "deposed": [],
                    "provider": "provider.aws"
                },
                "aws_vpc.test_vpc": {
                    "type": "aws_vpc",
                    "depends_on": [],
                    "primary": {
                        "id": "vpc-02e1c126a24e823da",
                        "attributes": {
                            "arn": "arn:aws:ec2:us-west-1:891241530761:vpc/vpc-02e1c126a24e823da",
                            "assign_generated_ipv6_cidr_block": "false",
                            "cidr_block": "10.0.0.0/16",
                            "default_network_acl_id": "acl-0fd5c4cd8df2c7531",
                            "default_route_table_id": "rtb-0f62812d5b21d6140",
                            "default_security_group_id": "sg-0095b99250a45aa19",
                            "dhcp_options_id": "dopt-e0c0e687",
                            "enable_classiclink": "false",
                            "enable_classiclink_dns_support": "false",
                            "enable_dns_hostnames": "false",
                            "enable_dns_support": "true",
                            "id": "vpc-02e1c126a24e823da",
                            "instance_tenancy": "default",
                            "ipv6_association_id": "",
                            "ipv6_cidr_block": "",
                            "main_route_table_id": "rtb-0f62812d5b21d6140",
                            "owner_id": "891241530761",
                            "tags.%": "1",
                            "tags.Name": "EKS_VPC"
                        },
                        "meta": {
                            "schema_version": "1"
                        },
                        "tainted": false
                    },
                    "deposed": [],
                    "provider": "provider.aws"
                },
                "data.aws_availability_zones.available": {
                    "type": "aws_availability_zones",
                    "depends_on": [],
                    "primary": {
                        "id": "2019-03-22 02:37:00.762660121 +0000 UTC",
                        "attributes": {
                            "id": "2019-03-22 02:37:00.762660121 +0000 UTC",
                            "names.#": "2",
                            "names.0": "us-west-1a",
                            "names.1": "us-west-1b",
                            "zone_ids.#": "2",
                            "zone_ids.0": "usw1-az3",
                            "zone_ids.1": "usw1-az1"
                        },
                        "meta": {},
                        "tainted": false
                    },
                    "deposed": [],
                    "provider": "provider.aws"
                },
                "data.aws_iam_policy_document.ecs-instance-policy": {
                    "type": "aws_iam_policy_document",
                    "depends_on": [],
                    "primary": {
                        "id": "1903849331",
                        "attributes": {
                            "id": "1903849331",
                            "json": "{\n  \"Version\": \"2012-10-17\",\n  \"Statement\": [\n    {\n      \"Sid\": \"\",\n      \"Effect\": \"Allow\",\n      \"Action\": \"sts:AssumeRole\",\n      \"Principal\": {\n        \"Service\": \"ec2.amazonaws.com\"\n      }\n    }\n  ]\n}",
                            "statement.#": "1",
                            "statement.0.actions.#": "1",
                            "statement.0.actions.2528466339": "sts:AssumeRole",
                            "statement.0.condition.#": "0",
                            "statement.0.effect": "Allow",
                            "statement.0.not_actions.#": "0",
                            "statement.0.not_principals.#": "0",
                            "statement.0.not_resources.#": "0",
                            "statement.0.principals.#": "1",
                            "statement.0.principals.1134724139.identifiers.#": "1",
                            "statement.0.principals.1134724139.identifiers.3655884555": "ec2.amazonaws.com",
                            "statement.0.principals.1134724139.type": "Service",
                            "statement.0.resources.#": "0",
                            "statement.0.sid": "",
                            "version": "2012-10-17"
                        },
                        "meta": {},
                        "tainted": false
                    },
                    "deposed": [],
                    "provider": "provider.aws"
                },
                "data.aws_iam_policy_document.ecs-service-policy": {
                    "type": "aws_iam_policy_document",
                    "depends_on": [],
                    "primary": {
                        "id": "3622649364",
                        "attributes": {
                            "id": "3622649364",
                            "json": "{\n  \"Version\": \"2012-10-17\",\n  \"Statement\": [\n    {\n      \"Sid\": \"\",\n      \"Effect\": \"Allow\",\n      \"Action\": \"sts:AssumeRole\",\n      \"Principal\": {\n        \"Service\": \"ecs.amazonaws.com\"\n      }\n    }\n  ]\n}",
                            "statement.#": "1",
                            "statement.0.actions.#": "1",
                            "statement.0.actions.2528466339": "sts:AssumeRole",
                            "statement.0.condition.#": "0",
                            "statement.0.effect": "Allow",
                            "statement.0.not_actions.#": "0",
                            "statement.0.not_principals.#": "0",
                            "statement.0.not_resources.#": "0",
                            "statement.0.principals.#": "1",
                            "statement.0.principals.1113412664.identifiers.#": "1",
                            "statement.0.principals.1113412664.identifiers.1509832800": "ecs.amazonaws.com",
                            "statement.0.principals.1113412664.type": "Service",
                            "statement.0.resources.#": "0",
                            "statement.0.sid": "",
                            "version": "2012-10-17"
                        },
                        "meta": {},
                        "tainted": false
                    },
                    "deposed": [],
                    "provider": "provider.aws"
                }
            },
            "depends_on": []
        }
    ]
}
