{
    "version": 3,
    "terraform_version": "0.11.13",
    "serial": 20,
    "lineage": "8947d101-0e44-57a7-2a41-f7c9d5eb40d2",
    "modules": [
        {
            "path": [
                "root"
            ],
            "outputs": {
                "ecs-instance-role-name": {
                    "sensitive": false,
                    "type": "string",
                    "value": "ecs-instance-role"
                },
                "ecs-service-role-arn": {
                    "sensitive": false,
                    "type": "string",
                    "value": "arn:aws:iam::891241530761:role/ecs-service-role"
                },
                "ecs-target-group-arn": {
                    "sensitive": false,
                    "type": "string",
                    "value": "arn:aws:elasticloadbalancing:us-east-1:891241530761:targetgroup/ecs-target-group/8db30d4b93021c6f"
                },
                "region": {
                    "sensitive": false,
                    "type": "string",
                    "value": "us-east-1"
                },
                "test_public_sg_id": {
                    "sensitive": false,
                    "type": "string",
                    "value": "sg-0a3c661c290895871"
                },
                "test_public_sn_01_id": {
                    "sensitive": false,
                    "type": "string",
                    "value": "subnet-0a754fa0ec4ef5e38"
                },
                "test_public_sn_02_id": {
                    "sensitive": false,
                    "type": "string",
                    "value": "subnet-0f6b1559983a2793c"
                },
                "test_vpc_id": {
                    "sensitive": false,
                    "type": "string",
                    "value": "vpc-06aaea454a13703cc"
                }
            },
            "resources": {
                "aws_alb_target_group.ecs-target-group": {
                    "type": "aws_alb_target_group",
                    "depends_on": [
                        "aws_vpc.test_vpc"
                    ],
                    "primary": {
                        "id": "arn:aws:elasticloadbalancing:us-east-1:891241530761:targetgroup/ecs-target-group/8db30d4b93021c6f",
                        "attributes": {
                            "arn": "arn:aws:elasticloadbalancing:us-east-1:891241530761:targetgroup/ecs-target-group/8db30d4b93021c6f",
                            "arn_suffix": "targetgroup/ecs-target-group/8db30d4b93021c6f",
                            "deregistration_delay": "300",
                            "health_check.#": "1",
                            "health_check.0.healthy_threshold": "5",
                            "health_check.0.interval": "30",
                            "health_check.0.matcher": "200",
                            "health_check.0.path": "/",
                            "health_check.0.port": "traffic-port",
                            "health_check.0.protocol": "HTTP",
                            "health_check.0.timeout": "5",
                            "health_check.0.unhealthy_threshold": "2",
                            "id": "arn:aws:elasticloadbalancing:us-east-1:891241530761:targetgroup/ecs-target-group/8db30d4b93021c6f",
                            "lambda_multi_value_headers_enabled": "false",
                            "name": "ecs-target-group",
                            "port": "80",
                            "protocol": "HTTP",
                            "proxy_protocol_v2": "false",
                            "slow_start": "0",
                            "stickiness.#": "1",
                            "stickiness.0.cookie_duration": "86400",
                            "stickiness.0.enabled": "false",
                            "stickiness.0.type": "lb_cookie",
                            "tags.%": "1",
                            "tags.Name": "ecs-target-group",
                            "target_type": "instance",
                            "vpc_id": "vpc-06aaea454a13703cc"
                        },
                        "meta": {},
                        "tainted": false
                    },
                    "deposed": [],
                    "provider": "provider.aws"
                },
                "aws_ecs_cluster.test-ecs-cluster": {
                    "type": "aws_ecs_cluster",
                    "depends_on": [],
                    "primary": {
                        "id": "arn:aws:ecs:us-east-1:891241530761:cluster/EKS_demo",
                        "attributes": {
                            "arn": "arn:aws:ecs:us-east-1:891241530761:cluster/EKS_demo",
                            "id": "arn:aws:ecs:us-east-1:891241530761:cluster/EKS_demo",
                            "name": "EKS_demo",
                            "tags.%": "0"
                        },
                        "meta": {},
                        "tainted": false
                    },
                    "deposed": [],
                    "provider": "provider.aws"
                },
                "aws_ecs_task_definition.wordpress": {
                    "type": "aws_ecs_task_definition",
                    "depends_on": [],
                    "primary": {
                        "id": "hello_world",
                        "attributes": {
                            "arn": "arn:aws:ecs:us-east-1:891241530761:task-definition/hello_world:5",
                            "container_definitions": "[{\"cpu\":10,\"environment\":[],\"essential\":true,\"image\":\"wordpress\",\"links\":[\"mysql\"],\"memory\":500,\"mountPoints\":[],\"name\":\"wordpress\",\"portMappings\":[{\"containerPort\":80,\"hostPort\":80,\"protocol\":\"tcp\"}],\"volumesFrom\":[]},{\"cpu\":10,\"environment\":[{\"name\":\"MYSQL_ROOT_PASSWORD\",\"value\":\"password\"}],\"essential\":true,\"image\":\"mysql\",\"memory\":500,\"mountPoints\":[],\"name\":\"mysql\",\"portMappings\":[],\"volumesFrom\":[]}]",
                            "cpu": "",
                            "execution_role_arn": "",
                            "family": "hello_world",
                            "id": "hello_world",
                            "memory": "",
                            "network_mode": "",
                            "placement_constraints.#": "0",
                            "requires_compatibilities.#": "0",
                            "revision": "5",
                            "tags.%": "0",
                            "task_role_arn": "",
                            "volume.#": "0"
                        },
                        "meta": {
                            "schema_version": "1"
                        },
                        "tainted": false
                    },
                    "deposed": [],
                    "provider": "provider.aws"
                },
                "aws_iam_role.ecs-instance-role": {
                    "type": "aws_iam_role",
                    "depends_on": [
                        "data.aws_iam_policy_document.ecs-instance-policy"
                    ],
                    "primary": {
                        "id": "ecs-instance-role",
                        "attributes": {
                            "arn": "arn:aws:iam::891241530761:role/ecs-instance-role",
                            "assume_role_policy": "{\"Version\":\"2012-10-17\",\"Statement\":[{\"Sid\":\"\",\"Effect\":\"Allow\",\"Principal\":{\"Service\":\"ec2.amazonaws.com\"},\"Action\":\"sts:AssumeRole\"}]}",
                            "create_date": "2019-03-21T13:26:32Z",
                            "description": "",
                            "force_detach_policies": "false",
                            "id": "ecs-instance-role",
                            "max_session_duration": "3600",
                            "name": "ecs-instance-role",
                            "path": "/",
                            "tags.%": "0",
                            "unique_id": "AROAI3J4M7HPY45V3CDMK"
                        },
                        "meta": {},
                        "tainted": false
                    },
                    "deposed": [],
                    "provider": "provider.aws"
                },
                "aws_iam_role.ecs-service-role": {
                    "type": "aws_iam_role",
                    "depends_on": [
                        "data.aws_iam_policy_document.ecs-service-policy"
                    ],
                    "primary": {
                        "id": "ecs-service-role",
                        "attributes": {
                            "arn": "arn:aws:iam::891241530761:role/ecs-service-role",
                            "assume_role_policy": "{\"Version\":\"2012-10-17\",\"Statement\":[{\"Sid\":\"\",\"Effect\":\"Allow\",\"Principal\":{\"Service\":\"ecs.amazonaws.com\"},\"Action\":\"sts:AssumeRole\"}]}",
                            "create_date": "2019-03-21T13:26:32Z",
                            "description": "",
                            "force_detach_policies": "false",
                            "id": "ecs-service-role",
                            "max_session_duration": "3600",
                            "name": "ecs-service-role",
                            "path": "/",
                            "tags.%": "0",
                            "unique_id": "AROAJAWMJYNAFJ2I6KVKQ"
                        },
                        "meta": {},
                        "tainted": false
                    },
                    "deposed": [],
                    "provider": "provider.aws"
                },
                "aws_iam_role_policy_attachment.ecs-instance-role-attachment": {
                    "type": "aws_iam_role_policy_attachment",
                    "depends_on": [
                        "aws_iam_role.ecs-instance-role"
                    ],
                    "primary": {
                        "id": "ecs-instance-role-20190321132632298300000002",
                        "attributes": {
                            "id": "ecs-instance-role-20190321132632298300000002",
                            "policy_arn": "arn:aws:iam::aws:policy/service-role/AmazonEC2ContainerServiceforEC2Role",
                            "role": "ecs-instance-role"
                        },
                        "meta": {},
                        "tainted": false
                    },
                    "deposed": [],
                    "provider": "provider.aws"
                },
                "aws_iam_role_policy_attachment.ecs-service-role-attachment": {
                    "type": "aws_iam_role_policy_attachment",
                    "depends_on": [
                        "aws_iam_role.ecs-service-role"
                    ],
                    "primary": {
                        "id": "ecs-service-role-20190321132632292600000001",
                        "attributes": {
                            "id": "ecs-service-role-20190321132632292600000001",
                            "policy_arn": "arn:aws:iam::aws:policy/service-role/AmazonEC2ContainerServiceRole",
                            "role": "ecs-service-role"
                        },
                        "meta": {},
                        "tainted": false
                    },
                    "deposed": [],
                    "provider": "provider.aws"
                },
                "aws_internet_gateway.test_ig": {
                    "type": "aws_internet_gateway",
                    "depends_on": [
                        "aws_vpc.test_vpc"
                    ],
                    "primary": {
                        "id": "igw-06dec90431649c1a0",
                        "attributes": {
                            "id": "igw-06dec90431649c1a0",
                            "owner_id": "891241530761",
                            "tags.%": "1",
                            "tags.Name": "test_ig",
                            "vpc_id": "vpc-06aaea454a13703cc"
                        },
                        "meta": {},
                        "tainted": false
                    },
                    "deposed": [],
                    "provider": "provider.aws"
                },
                "aws_launch_configuration.ecs-launch-configuration": {
                    "type": "aws_launch_configuration",
                    "depends_on": [
                        "aws_security_group.test_public_sg"
                    ],
                    "primary": {
                        "id": "ecs-launch-configuration",
                        "attributes": {
                            "associate_public_ip_address": "true",
                            "ebs_block_device.#": "0",
                            "ebs_optimized": "false",
                            "enable_monitoring": "true",
                            "ephemeral_block_device.#": "0",
                            "iam_instance_profile": "",
                            "id": "ecs-launch-configuration",
                            "image_id": "ami-0a313d6098716f372",
                            "instance_type": "t2.micro",
                            "key_name": "hariwin",
                            "name": "ecs-launch-configuration",
                            "root_block_device.#": "1",
                            "root_block_device.0.delete_on_termination": "true",
                            "root_block_device.0.iops": "0",
                            "root_block_device.0.volume_size": "100",
                            "root_block_device.0.volume_type": "standard",
                            "security_groups.#": "1",
                            "security_groups.3062559091": "sg-0a3c661c290895871",
                            "spot_price": "",
                            "user_data": "471301a394f5c19dab792fd6d9bfd8cfe4e94799",
                            "vpc_classic_link_id": "",
                            "vpc_classic_link_security_groups.#": "0"
                        },
                        "meta": {},
                        "tainted": false
                    },
                    "deposed": [],
                    "provider": "provider.aws"
                },
                "aws_route_table.test_public_sn_rt_01": {
                    "type": "aws_route_table",
                    "depends_on": [
                        "aws_internet_gateway.test_ig",
                        "aws_vpc.test_vpc"
                    ],
                    "primary": {
                        "id": "rtb-0ea5d963bbdceb1ed",
                        "attributes": {
                            "id": "rtb-0ea5d963bbdceb1ed",
                            "owner_id": "891241530761",
                            "propagating_vgws.#": "0",
                            "route.#": "1",
                            "route.1372656627.cidr_block": "0.0.0.0/0",
                            "route.1372656627.egress_only_gateway_id": "",
                            "route.1372656627.gateway_id": "igw-06dec90431649c1a0",
                            "route.1372656627.instance_id": "",
                            "route.1372656627.ipv6_cidr_block": "",
                            "route.1372656627.nat_gateway_id": "",
                            "route.1372656627.network_interface_id": "",
                            "route.1372656627.transit_gateway_id": "",
                            "route.1372656627.vpc_peering_connection_id": "",
                            "tags.%": "1",
                            "tags.Name": "test_public_sn_rt_01",
                            "vpc_id": "vpc-06aaea454a13703cc"
                        },
                        "meta": {},
                        "tainted": false
                    },
                    "deposed": [],
                    "provider": "provider.aws"
                },
                "aws_route_table.test_public_sn_rt_02": {
                    "type": "aws_route_table",
                    "depends_on": [
                        "aws_internet_gateway.test_ig",
                        "aws_vpc.test_vpc"
                    ],
                    "primary": {
                        "id": "rtb-0697946e9c65a22bf",
                        "attributes": {
                            "id": "rtb-0697946e9c65a22bf",
                            "owner_id": "891241530761",
                            "propagating_vgws.#": "0",
                            "route.#": "1",
                            "route.1372656627.cidr_block": "0.0.0.0/0",
                            "route.1372656627.egress_only_gateway_id": "",
                            "route.1372656627.gateway_id": "igw-06dec90431649c1a0",
                            "route.1372656627.instance_id": "",
                            "route.1372656627.ipv6_cidr_block": "",
                            "route.1372656627.nat_gateway_id": "",
                            "route.1372656627.network_interface_id": "",
                            "route.1372656627.transit_gateway_id": "",
                            "route.1372656627.vpc_peering_connection_id": "",
                            "tags.%": "1",
                            "tags.Name": "test_public_sn_rt_02",
                            "vpc_id": "vpc-06aaea454a13703cc"
                        },
                        "meta": {},
                        "tainted": false
                    },
                    "deposed": [],
                    "provider": "provider.aws"
                },
                "aws_route_table_association.test_public_sn_rt_01_assn": {
                    "type": "aws_route_table_association",
                    "depends_on": [
                        "aws_route_table.test_public_sn_rt_01",
                        "aws_subnet.test_public_sn_01"
                    ],
                    "primary": {
                        "id": "rtbassoc-09e3bc78d15411f5e",
                        "attributes": {
                            "id": "rtbassoc-09e3bc78d15411f5e",
                            "route_table_id": "rtb-0ea5d963bbdceb1ed",
                            "subnet_id": "subnet-0a754fa0ec4ef5e38"
                        },
                        "meta": {},
                        "tainted": false
                    },
                    "deposed": [],
                    "provider": "provider.aws"
                },
                "aws_route_table_association.test_public_sn_rt_assn_02": {
                    "type": "aws_route_table_association",
                    "depends_on": [
                        "aws_route_table.test_public_sn_rt_02",
                        "aws_subnet.test_public_sn_02"
                    ],
                    "primary": {
                        "id": "rtbassoc-0bc204a34b0ffe6fe",
                        "attributes": {
                            "id": "rtbassoc-0bc204a34b0ffe6fe",
                            "route_table_id": "rtb-0697946e9c65a22bf",
                            "subnet_id": "subnet-0f6b1559983a2793c"
                        },
                        "meta": {},
                        "tainted": false
                    },
                    "deposed": [],
                    "provider": "provider.aws"
                },
                "aws_security_group.test_public_sg": {
                    "type": "aws_security_group",
                    "depends_on": [
                        "aws_vpc.test_vpc"
                    ],
                    "primary": {
                        "id": "sg-0a3c661c290895871",
                        "attributes": {
                            "arn": "arn:aws:ec2:us-east-1:891241530761:security-group/sg-0a3c661c290895871",
                            "description": "Test public access security group",
                            "egress.#": "1",
                            "egress.482069346.cidr_blocks.#": "1",
                            "egress.482069346.cidr_blocks.0": "0.0.0.0/0",
                            "egress.482069346.description": "",
                            "egress.482069346.from_port": "0",
                            "egress.482069346.ipv6_cidr_blocks.#": "0",
                            "egress.482069346.prefix_list_ids.#": "0",
                            "egress.482069346.protocol": "-1",
                            "egress.482069346.security_groups.#": "0",
                            "egress.482069346.self": "false",
                            "egress.482069346.to_port": "0",
                            "id": "sg-0a3c661c290895871",
                            "ingress.#": "5",
                            "ingress.1195088057.cidr_blocks.#": "2",
                            "ingress.1195088057.cidr_blocks.0": "10.0.1.0/24",
                            "ingress.1195088057.cidr_blocks.1": "10.0.2.0/24",
                            "ingress.1195088057.description": "",
                            "ingress.1195088057.from_port": "0",
                            "ingress.1195088057.ipv6_cidr_blocks.#": "0",
                            "ingress.1195088057.prefix_list_ids.#": "0",
                            "ingress.1195088057.protocol": "tcp",
                            "ingress.1195088057.security_groups.#": "0",
                            "ingress.1195088057.self": "false",
                            "ingress.1195088057.to_port": "0",
                            "ingress.2214680975.cidr_blocks.#": "1",
                            "ingress.2214680975.cidr_blocks.0": "0.0.0.0/0",
                            "ingress.2214680975.description": "",
                            "ingress.2214680975.from_port": "80",
                            "ingress.2214680975.ipv6_cidr_blocks.#": "0",
                            "ingress.2214680975.prefix_list_ids.#": "0",
                            "ingress.2214680975.protocol": "tcp",
                            "ingress.2214680975.security_groups.#": "0",
                            "ingress.2214680975.self": "false",
                            "ingress.2214680975.to_port": "80",
                            "ingress.2541437006.cidr_blocks.#": "1",
                            "ingress.2541437006.cidr_blocks.0": "0.0.0.0/0",
                            "ingress.2541437006.description": "",
                            "ingress.2541437006.from_port": "22",
                            "ingress.2541437006.ipv6_cidr_blocks.#": "0",
                            "ingress.2541437006.prefix_list_ids.#": "0",
                            "ingress.2541437006.protocol": "tcp",
                            "ingress.2541437006.security_groups.#": "0",
                            "ingress.2541437006.self": "false",
                            "ingress.2541437006.to_port": "22",
                            "ingress.2617001939.cidr_blocks.#": "1",
                            "ingress.2617001939.cidr_blocks.0": "0.0.0.0/0",
                            "ingress.2617001939.description": "",
                            "ingress.2617001939.from_port": "443",
                            "ingress.2617001939.ipv6_cidr_blocks.#": "0",
                            "ingress.2617001939.prefix_list_ids.#": "0",
                            "ingress.2617001939.protocol": "tcp",
                            "ingress.2617001939.security_groups.#": "0",
                            "ingress.2617001939.self": "false",
                            "ingress.2617001939.to_port": "443",
                            "ingress.516175195.cidr_blocks.#": "1",
                            "ingress.516175195.cidr_blocks.0": "0.0.0.0/0",
                            "ingress.516175195.description": "",
                            "ingress.516175195.from_port": "8080",
                            "ingress.516175195.ipv6_cidr_blocks.#": "0",
                            "ingress.516175195.prefix_list_ids.#": "0",
                            "ingress.516175195.protocol": "tcp",
                            "ingress.516175195.security_groups.#": "0",
                            "ingress.516175195.self": "false",
                            "ingress.516175195.to_port": "8080",
                            "name": "test_public_sg",
                            "owner_id": "891241530761",
                            "revoke_rules_on_delete": "false",
                            "tags.%": "1",
                            "tags.Name": "test_public_sg",
                            "vpc_id": "vpc-06aaea454a13703cc"
                        },
                        "meta": {
                            "e2bfb730-ecaa-11e6-8f88-34363bc7c4c0": {
                                "create": 600000000000,
                                "delete": 600000000000
                            },
                            "schema_version": "1"
                        },
                        "tainted": false
                    },
                    "deposed": [],
                    "provider": "provider.aws"
                },
                "aws_subnet.test_public_sn_01": {
                    "type": "aws_subnet",
                    "depends_on": [
                        "aws_vpc.test_vpc",
                        "data.aws_availability_zones.available"
                    ],
                    "primary": {
                        "id": "subnet-0a754fa0ec4ef5e38",
                        "attributes": {
                            "arn": "arn:aws:ec2:us-east-1:891241530761:subnet/subnet-0a754fa0ec4ef5e38",
                            "assign_ipv6_address_on_creation": "false",
                            "availability_zone": "us-east-1a",
                            "availability_zone_id": "use1-az4",
                            "cidr_block": "10.0.1.0/24",
                            "id": "subnet-0a754fa0ec4ef5e38",
                            "ipv6_cidr_block": "",
                            "ipv6_cidr_block_association_id": "",
                            "map_public_ip_on_launch": "false",
                            "owner_id": "891241530761",
                            "tags.%": "1",
                            "tags.Name": "test_public_sn_01",
                            "vpc_id": "vpc-06aaea454a13703cc"
                        },
                        "meta": {
                            "e2bfb730-ecaa-11e6-8f88-34363bc7c4c0": {
                                "create": 600000000000,
                                "delete": 600000000000
                            },
                            "schema_version": "1"
                        },
                        "tainted": false
                    },
                    "deposed": [],
                    "provider": "provider.aws"
                },
                "aws_subnet.test_public_sn_02": {
                    "type": "aws_subnet",
                    "depends_on": [
                        "aws_vpc.test_vpc",
                        "data.aws_availability_zones.available"
                    ],
                    "primary": {
                        "id": "subnet-0f6b1559983a2793c",
                        "attributes": {
                            "arn": "arn:aws:ec2:us-east-1:891241530761:subnet/subnet-0f6b1559983a2793c",
                            "assign_ipv6_address_on_creation": "false",
                            "availability_zone": "us-east-1b",
                            "availability_zone_id": "use1-az6",
                            "cidr_block": "10.0.2.0/24",
                            "id": "subnet-0f6b1559983a2793c",
                            "ipv6_cidr_block": "",
                            "ipv6_cidr_block_association_id": "",
                            "map_public_ip_on_launch": "false",
                            "owner_id": "891241530761",
                            "tags.%": "1",
                            "tags.Name": "test_public_sn_02",
                            "vpc_id": "vpc-06aaea454a13703cc"
                        },
                        "meta": {
                            "e2bfb730-ecaa-11e6-8f88-34363bc7c4c0": {
                                "create": 600000000000,
                                "delete": 600000000000
                            },
                            "schema_version": "1"
                        },
                        "tainted": false
                    },
                    "deposed": [],
                    "provider": "provider.aws"
                },
                "aws_vpc.test_vpc": {
                    "type": "aws_vpc",
                    "depends_on": [],
                    "primary": {
                        "id": "vpc-06aaea454a13703cc",
                        "attributes": {
                            "arn": "arn:aws:ec2:us-east-1:891241530761:vpc/vpc-06aaea454a13703cc",
                            "assign_generated_ipv6_cidr_block": "false",
                            "cidr_block": "10.0.0.0/16",
                            "default_network_acl_id": "acl-068a7903d1a27347e",
                            "default_route_table_id": "rtb-06c0bdfdd9763f173",
                            "default_security_group_id": "sg-016ac4847fc560f6f",
                            "dhcp_options_id": "dopt-d5d789ae",
                            "enable_classiclink": "false",
                            "enable_classiclink_dns_support": "false",
                            "enable_dns_hostnames": "false",
                            "enable_dns_support": "true",
                            "id": "vpc-06aaea454a13703cc",
                            "instance_tenancy": "default",
                            "ipv6_association_id": "",
                            "ipv6_cidr_block": "",
                            "main_route_table_id": "rtb-06c0bdfdd9763f173",
                            "owner_id": "891241530761",
                            "tags.%": "1",
                            "tags.Name": "EKS_VPC"
                        },
                        "meta": {
                            "schema_version": "1"
                        },
                        "tainted": false
                    },
                    "deposed": [],
                    "provider": "provider.aws"
                },
                "data.aws_availability_zones.available": {
                    "type": "aws_availability_zones",
                    "depends_on": [],
                    "primary": {
                        "id": "2019-03-21 13:26:18.419449258 +0000 UTC",
                        "attributes": {
                            "id": "2019-03-21 13:26:18.419449258 +0000 UTC",
                            "names.#": "6",
                            "names.0": "us-east-1a",
                            "names.1": "us-east-1b",
                            "names.2": "us-east-1c",
                            "names.3": "us-east-1d",
                            "names.4": "us-east-1e",
                            "names.5": "us-east-1f",
                            "zone_ids.#": "6",
                            "zone_ids.0": "use1-az4",
                            "zone_ids.1": "use1-az6",
                            "zone_ids.2": "use1-az1",
                            "zone_ids.3": "use1-az2",
                            "zone_ids.4": "use1-az3",
                            "zone_ids.5": "use1-az5"
                        },
                        "meta": {},
                        "tainted": false
                    },
                    "deposed": [],
                    "provider": "provider.aws"
                },
                "data.aws_ecs_task_definition.wordpress": {
                    "type": "aws_ecs_task_definition",
                    "depends_on": [
                        "aws_ecs_task_definition.wordpress"
                    ],
                    "primary": {
                        "id": "arn:aws:ecs:us-east-1:891241530761:task-definition/hello_world:5",
                        "attributes": {
                            "family": "hello_world",
                            "id": "arn:aws:ecs:us-east-1:891241530761:task-definition/hello_world:5",
                            "network_mode": "",
                            "revision": "5",
                            "status": "ACTIVE",
                            "task_definition": "hello_world",
                            "task_role_arn": ""
                        },
                        "meta": {},
                        "tainted": false
                    },
                    "deposed": [],
                    "provider": "provider.aws"
                },
                "data.aws_iam_policy_document.ecs-instance-policy": {
                    "type": "aws_iam_policy_document",
                    "depends_on": [],
                    "primary": {
                        "id": "1903849331",
                        "attributes": {
                            "id": "1903849331",
                            "json": "{\n  \"Version\": \"2012-10-17\",\n  \"Statement\": [\n    {\n      \"Sid\": \"\",\n      \"Effect\": \"Allow\",\n      \"Action\": \"sts:AssumeRole\",\n      \"Principal\": {\n        \"Service\": \"ec2.amazonaws.com\"\n      }\n    }\n  ]\n}",
                            "statement.#": "1",
                            "statement.0.actions.#": "1",
                            "statement.0.actions.2528466339": "sts:AssumeRole",
                            "statement.0.condition.#": "0",
                            "statement.0.effect": "Allow",
                            "statement.0.not_actions.#": "0",
                            "statement.0.not_principals.#": "0",
                            "statement.0.not_resources.#": "0",
                            "statement.0.principals.#": "1",
                            "statement.0.principals.1134724139.identifiers.#": "1",
                            "statement.0.principals.1134724139.identifiers.3655884555": "ec2.amazonaws.com",
                            "statement.0.principals.1134724139.type": "Service",
                            "statement.0.resources.#": "0",
                            "statement.0.sid": "",
                            "version": "2012-10-17"
                        },
                        "meta": {},
                        "tainted": false
                    },
                    "deposed": [],
                    "provider": "provider.aws"
                },
                "data.aws_iam_policy_document.ecs-service-policy": {
                    "type": "aws_iam_policy_document",
                    "depends_on": [],
                    "primary": {
                        "id": "3622649364",
                        "attributes": {
                            "id": "3622649364",
                            "json": "{\n  \"Version\": \"2012-10-17\",\n  \"Statement\": [\n    {\n      \"Sid\": \"\",\n      \"Effect\": \"Allow\",\n      \"Action\": \"sts:AssumeRole\",\n      \"Principal\": {\n        \"Service\": \"ecs.amazonaws.com\"\n      }\n    }\n  ]\n}",
                            "statement.#": "1",
                            "statement.0.actions.#": "1",
                            "statement.0.actions.2528466339": "sts:AssumeRole",
                            "statement.0.condition.#": "0",
                            "statement.0.effect": "Allow",
                            "statement.0.not_actions.#": "0",
                            "statement.0.not_principals.#": "0",
                            "statement.0.not_resources.#": "0",
                            "statement.0.principals.#": "1",
                            "statement.0.principals.1113412664.identifiers.#": "1",
                            "statement.0.principals.1113412664.identifiers.1509832800": "ecs.amazonaws.com",
                            "statement.0.principals.1113412664.type": "Service",
                            "statement.0.resources.#": "0",
                            "statement.0.sid": "",
                            "version": "2012-10-17"
                        },
                        "meta": {},
                        "tainted": false
                    },
                    "deposed": [],
                    "provider": "provider.aws"
                }
            },
            "depends_on": []
        }
    ]
}
